
Microsoft Visual Studio Solution File, Format Version 12.00
# Visual Studio Version 17
VisualStudioVersion = 17.6.33829.357
MinimumVisualStudioVersion = 10.0.40219.1
Project("{2150E333-8FDC-42A3-9474-1A3956D46DE8}") = "Users", "Users", "{F0CC5365-DAC2-4256-8B8A-6CBBFD7508A4}"
EndProject
Project("{2150E333-8FDC-42A3-9474-1A3956D46DE8}") = "Core", "Core", "{5C317061-5BDE-41A6-B669-635D5B8F2A76}"
EndProject
Project("{9A19103F-16F7-4668-BE54-9A1E7A4F7556}") = "Users.ApplicationServices", "src\Users\Users.ApplicationServices\Users.ApplicationServices.csproj", "{AFA58D08-13B4-49B4-A8E1-23DB5E6B3496}"
EndProject
Project("{9A19103F-16F7-4668-BE54-9A1E7A4F7556}") = "Users.Domain", "src\Users\Users.Domain\Users.Domain.csproj", "{C4FC27E5-8987-4300-A583-79D46CE1BD13}"
EndProject
Project("{9A19103F-16F7-4668-BE54-9A1E7A4F7556}") = "Users.Infrastructure", "src\Users\Users.Infrastructure\Users.Infrastructure.csproj", "{8B772679-0AAE-4F97-B6A0-B2CD354ADE54}"
EndProject
Project("{9A19103F-16F7-4668-BE54-9A1E7A4F7556}") = "Users.Api.Service", "src\Users\Users.Api.Service\Users.Api.Service.csproj", "{AC1209EB-CB2B-474F-8AC1-A6B942577A4E}"
EndProject
Project("{2150E333-8FDC-42A3-9474-1A3956D46DE8}") = "Tests", "Tests", "{C9B60A70-F899-49E4-8D62-1D2A3B9017A4}"
EndProject
Project("{9A19103F-16F7-4668-BE54-9A1E7A4F7556}") = "Users.TestFixtures", "Tests\Users.TestFixtures\Users.TestFixtures.csproj", "{8BDD2AB6-E856-472D-96D5-3144A5CD00CF}"
EndProject
Project("{9A19103F-16F7-4668-BE54-9A1E7A4F7556}") = "Users.Tests", "Tests\Users.Tests\Users.Tests.csproj", "{B41DE84D-9EA1-41F9-8399-A5BE0A0BC3EF}"
EndProject
Project("{2150E333-8FDC-42A3-9474-1A3956D46DE8}") = "Shared", "Shared", "{DB6EB76B-3A56-46AB-82B4-77EA90FEDA36}"
EndProject
Project("{9A19103F-16F7-4668-BE54-9A1E7A4F7556}") = "Users.Worker.Service", "src\Users\Users.Worker.Service\Users.Worker.Service.csproj", "{6FF7AF5A-FA89-4CBE-9CA6-9AC25A9A80D6}"
EndProject
Project("{9A19103F-16F7-4668-BE54-9A1E7A4F7556}") = "Users.Messages", "src\Users\Users.Messages\Users.Messages.csproj", "{CA0AF60C-7C51-421C-A115-F480A3C30786}"
EndProject
Project("{9A19103F-16F7-4668-BE54-9A1E7A4F7556}") = "Users.Client", "src\Users\Users.Client\Users.Client.csproj", "{2AF7970C-B145-4B25-9FB9-CC28FB2E5B47}"
EndProject
Project("{2150E333-8FDC-42A3-9474-1A3956D46DE8}") = "Solution Item", "Solution Item", "{B40573D3-EB5C-4AAD-959F-9FF630641E6A}"
	ProjectSection(SolutionItems) = preProject
		Readme.md = Readme.md
	EndProjectSection
EndProject
Project("{2150E333-8FDC-42A3-9474-1A3956D46DE8}") = "Passwords", "Passwords", "{4715B916-F1B0-4DE1-8A88-67B564153756}"
EndProject
Project("{2150E333-8FDC-42A3-9474-1A3956D46DE8}") = "Core", "Core", "{CC434C56-C28D-4993-9712-ABE5E471BAC6}"
EndProject
Project("{2150E333-8FDC-42A3-9474-1A3956D46DE8}") = "Shared", "Shared", "{DB305C7D-8F6C-4F94-B971-710B9DD2A16E}"
EndProject
Project("{2150E333-8FDC-42A3-9474-1A3956D46DE8}") = "Tests", "Tests", "{F41446E7-ACD1-4F0E-B7B0-A2B3BDFB97B5}"
EndProject
Project("{9A19103F-16F7-4668-BE54-9A1E7A4F7556}") = "Password.Domain", "src\Password\Password.Domain\Password.Domain.csproj", "{746BE117-EF74-47C6-A40B-0047C2EF0CB3}"
EndProject
Project("{9A19103F-16F7-4668-BE54-9A1E7A4F7556}") = "Password.Infrastructure", "src\Password\Password.Infrastructure\Password.Infrastructure.csproj", "{D7167AEE-8B28-48EE-9728-58AC0916DABB}"
EndProject
Project("{9A19103F-16F7-4668-BE54-9A1E7A4F7556}") = "Password.Messages", "src\Password\Password.Messages\Password.Messages.csproj", "{44C3E94A-FAB8-40DE-87D9-DB382F8BAD70}"
EndProject
Project("{9A19103F-16F7-4668-BE54-9A1E7A4F7556}") = "Password.ApplicationServices", "src\Password\Password.ApplicationServices\Password.ApplicationServices.csproj", "{00E913A4-5AAA-40A9-8982-C1500CF8C53E}"
EndProject
Project("{9A19103F-16F7-4668-BE54-9A1E7A4F7556}") = "PasswordManager.Password.Client", "src\Password\PasswordManager.Password.Client\PasswordManager.Password.Client.csproj", "{60254C99-C0B4-405C-9211-2C9C433F73CB}"
EndProject
Project("{9A19103F-16F7-4668-BE54-9A1E7A4F7556}") = "Password.TestFixtures", "Tests\Password.TestFixtures\Password.TestFixtures.csproj", "{4FC61AD6-BAF2-45B8-9522-81F3DD7B1E82}"
EndProject
Project("{9A19103F-16F7-4668-BE54-9A1E7A4F7556}") = "Password.Tests", "Tests\Password.Tests\Password.Tests.csproj", "{5B11A9C3-6FFF-4BF8-8F9C-2783BBDD3F47}"
EndProject
Project("{9A19103F-16F7-4668-BE54-9A1E7A4F7556}") = "Password.Api.Service", "src\Password\Password.Api.Service\Password.Api.Service.csproj", "{732E80B5-7D4B-4FF8-B79F-D7F074EF557A}"
EndProject
Project("{9A19103F-16F7-4668-BE54-9A1E7A4F7556}") = "Password.Worker.Service", "src\Password\Password.Worker.Service\Password.Worker.Service.csproj", "{78178DBD-27BB-4CE5-99E0-A9A894B60A97}"
EndProject
Project("{2150E333-8FDC-42A3-9474-1A3956D46DE8}") = "PaymentCards", "PaymentCards", "{8243EAB1-70D5-4D1B-898D-34B3C3569DAB}"
EndProject
Project("{2150E333-8FDC-42A3-9474-1A3956D46DE8}") = "Core", "Core", "{714E5D0C-91D9-4272-B7C4-A04AB3AB1863}"
EndProject
Project("{2150E333-8FDC-42A3-9474-1A3956D46DE8}") = "Shared", "Shared", "{E8D17B4F-75EA-4886-B3A9-280D1542632E}"
EndProject
Project("{2150E333-8FDC-42A3-9474-1A3956D46DE8}") = "Tests", "Tests", "{458E1F8E-09C5-46C6-A619-CCE50CAF3C5A}"
EndProject
Project("{9A19103F-16F7-4668-BE54-9A1E7A4F7556}") = "PaymentCards.ApplicationServices", "src\PaymentCards\PaymentCards.ApplicationServices\PaymentCards.ApplicationServices.csproj", "{86F49E5A-026C-4B57-B567-29DF27026F33}"
EndProject
Project("{9A19103F-16F7-4668-BE54-9A1E7A4F7556}") = "PaymentCards.Domain", "src\PaymentCards\PaymentCards.Domain\PaymentCards.Domain.csproj", "{77D88C10-5A25-431E-A651-C39F9804C0DE}"
EndProject
Project("{9A19103F-16F7-4668-BE54-9A1E7A4F7556}") = "PaymentCards.Infrastructure", "src\PaymentCards\PaymentCards.Infrastructure\PaymentCards.Infrastructure.csproj", "{7E29F8BF-B53E-44A3-BEB5-20905FB18D21}"
EndProject
Project("{9A19103F-16F7-4668-BE54-9A1E7A4F7556}") = "PaymentCards.Messages", "src\PaymentCards\PaymentCards.Messages\PaymentCards.Messages.csproj", "{F95941DC-AF6B-4003-9235-AC2267E28B48}"
EndProject
Project("{9A19103F-16F7-4668-BE54-9A1E7A4F7556}") = "PaymentCards.Client", "src\PaymentCards\PaymentCards.Client\PaymentCards.Client.csproj", "{4DF250EA-5B2D-4C3C-B971-572D49048B82}"
EndProject
Project("{9A19103F-16F7-4668-BE54-9A1E7A4F7556}") = "PaymentCards.TestFixtures", "Tests\PaymentCards.TestFixtures\PaymentCards.TestFixtures.csproj", "{F0E1C0FF-DE4C-4DAE-B12B-747949F41DEE}"
EndProject
Project("{9A19103F-16F7-4668-BE54-9A1E7A4F7556}") = "PaymentCards.Tests", "Tests\PaymentCards.Tests\PaymentCards.Tests.csproj", "{2C0A13B4-7E47-4E25-BE4C-CA4255228D58}"
EndProject
Project("{9A19103F-16F7-4668-BE54-9A1E7A4F7556}") = "PaymentCards.Worker.Service", "src\PaymentCards\PaymentCards.Worker.Service\PaymentCards.Worker.Service.csproj", "{41BD61FF-E216-405C-AA54-EE2A942CCE42}"
EndProject
Project("{9A19103F-16F7-4668-BE54-9A1E7A4F7556}") = "PaymentCards.Api.Service", "src\PaymentCards\PaymentCards.Api.Service\PaymentCards.Api.Service.csproj", "{343F6315-ADD9-4F23-A7FC-E220BCF3BFBD}"
EndProject
Global
	GlobalSection(SolutionConfigurationPlatforms) = preSolution
		Debug|Any CPU = Debug|Any CPU
		Release|Any CPU = Release|Any CPU
	EndGlobalSection
	GlobalSection(ProjectConfigurationPlatforms) = postSolution
		{AFA58D08-13B4-49B4-A8E1-23DB5E6B3496}.Debug|Any CPU.ActiveCfg = Debug|Any CPU
		{AFA58D08-13B4-49B4-A8E1-23DB5E6B3496}.Debug|Any CPU.Build.0 = Debug|Any CPU
		{AFA58D08-13B4-49B4-A8E1-23DB5E6B3496}.Release|Any CPU.ActiveCfg = Release|Any CPU
		{AFA58D08-13B4-49B4-A8E1-23DB5E6B3496}.Release|Any CPU.Build.0 = Release|Any CPU
		{C4FC27E5-8987-4300-A583-79D46CE1BD13}.Debug|Any CPU.ActiveCfg = Debug|Any CPU
		{C4FC27E5-8987-4300-A583-79D46CE1BD13}.Debug|Any CPU.Build.0 = Debug|Any CPU
		{C4FC27E5-8987-4300-A583-79D46CE1BD13}.Release|Any CPU.ActiveCfg = Release|Any CPU
		{C4FC27E5-8987-4300-A583-79D46CE1BD13}.Release|Any CPU.Build.0 = Release|Any CPU
		{8B772679-0AAE-4F97-B6A0-B2CD354ADE54}.Debug|Any CPU.ActiveCfg = Debug|Any CPU
		{8B772679-0AAE-4F97-B6A0-B2CD354ADE54}.Debug|Any CPU.Build.0 = Debug|Any CPU
		{8B772679-0AAE-4F97-B6A0-B2CD354ADE54}.Release|Any CPU.ActiveCfg = Release|Any CPU
		{8B772679-0AAE-4F97-B6A0-B2CD354ADE54}.Release|Any CPU.Build.0 = Release|Any CPU
		{AC1209EB-CB2B-474F-8AC1-A6B942577A4E}.Debug|Any CPU.ActiveCfg = Debug|Any CPU
		{AC1209EB-CB2B-474F-8AC1-A6B942577A4E}.Debug|Any CPU.Build.0 = Debug|Any CPU
		{AC1209EB-CB2B-474F-8AC1-A6B942577A4E}.Release|Any CPU.ActiveCfg = Release|Any CPU
		{AC1209EB-CB2B-474F-8AC1-A6B942577A4E}.Release|Any CPU.Build.0 = Release|Any CPU
		{8BDD2AB6-E856-472D-96D5-3144A5CD00CF}.Debug|Any CPU.ActiveCfg = Debug|Any CPU
		{8BDD2AB6-E856-472D-96D5-3144A5CD00CF}.Debug|Any CPU.Build.0 = Debug|Any CPU
		{8BDD2AB6-E856-472D-96D5-3144A5CD00CF}.Release|Any CPU.ActiveCfg = Release|Any CPU
		{8BDD2AB6-E856-472D-96D5-3144A5CD00CF}.Release|Any CPU.Build.0 = Release|Any CPU
		{B41DE84D-9EA1-41F9-8399-A5BE0A0BC3EF}.Debug|Any CPU.ActiveCfg = Debug|Any CPU
		{B41DE84D-9EA1-41F9-8399-A5BE0A0BC3EF}.Debug|Any CPU.Build.0 = Debug|Any CPU
		{B41DE84D-9EA1-41F9-8399-A5BE0A0BC3EF}.Release|Any CPU.ActiveCfg = Release|Any CPU
		{B41DE84D-9EA1-41F9-8399-A5BE0A0BC3EF}.Release|Any CPU.Build.0 = Release|Any CPU
		{6FF7AF5A-FA89-4CBE-9CA6-9AC25A9A80D6}.Debug|Any CPU.ActiveCfg = Debug|Any CPU
		{6FF7AF5A-FA89-4CBE-9CA6-9AC25A9A80D6}.Debug|Any CPU.Build.0 = Debug|Any CPU
		{6FF7AF5A-FA89-4CBE-9CA6-9AC25A9A80D6}.Release|Any CPU.ActiveCfg = Release|Any CPU
		{6FF7AF5A-FA89-4CBE-9CA6-9AC25A9A80D6}.Release|Any CPU.Build.0 = Release|Any CPU
		{CA0AF60C-7C51-421C-A115-F480A3C30786}.Debug|Any CPU.ActiveCfg = Debug|Any CPU
		{CA0AF60C-7C51-421C-A115-F480A3C30786}.Debug|Any CPU.Build.0 = Debug|Any CPU
		{CA0AF60C-7C51-421C-A115-F480A3C30786}.Release|Any CPU.ActiveCfg = Release|Any CPU
		{CA0AF60C-7C51-421C-A115-F480A3C30786}.Release|Any CPU.Build.0 = Release|Any CPU
		{2AF7970C-B145-4B25-9FB9-CC28FB2E5B47}.Debug|Any CPU.ActiveCfg = Debug|Any CPU
		{2AF7970C-B145-4B25-9FB9-CC28FB2E5B47}.Debug|Any CPU.Build.0 = Debug|Any CPU
		{2AF7970C-B145-4B25-9FB9-CC28FB2E5B47}.Release|Any CPU.ActiveCfg = Release|Any CPU
		{2AF7970C-B145-4B25-9FB9-CC28FB2E5B47}.Release|Any CPU.Build.0 = Release|Any CPU
		{746BE117-EF74-47C6-A40B-0047C2EF0CB3}.Debug|Any CPU.ActiveCfg = Debug|Any CPU
		{746BE117-EF74-47C6-A40B-0047C2EF0CB3}.Debug|Any CPU.Build.0 = Debug|Any CPU
		{746BE117-EF74-47C6-A40B-0047C2EF0CB3}.Release|Any CPU.ActiveCfg = Release|Any CPU
		{746BE117-EF74-47C6-A40B-0047C2EF0CB3}.Release|Any CPU.Build.0 = Release|Any CPU
		{D7167AEE-8B28-48EE-9728-58AC0916DABB}.Debug|Any CPU.ActiveCfg = Debug|Any CPU
		{D7167AEE-8B28-48EE-9728-58AC0916DABB}.Debug|Any CPU.Build.0 = Debug|Any CPU
		{D7167AEE-8B28-48EE-9728-58AC0916DABB}.Release|Any CPU.ActiveCfg = Release|Any CPU
		{D7167AEE-8B28-48EE-9728-58AC0916DABB}.Release|Any CPU.Build.0 = Release|Any CPU
		{44C3E94A-FAB8-40DE-87D9-DB382F8BAD70}.Debug|Any CPU.ActiveCfg = Debug|Any CPU
		{44C3E94A-FAB8-40DE-87D9-DB382F8BAD70}.Debug|Any CPU.Build.0 = Debug|Any CPU
		{44C3E94A-FAB8-40DE-87D9-DB382F8BAD70}.Release|Any CPU.ActiveCfg = Release|Any CPU
		{44C3E94A-FAB8-40DE-87D9-DB382F8BAD70}.Release|Any CPU.Build.0 = Release|Any CPU
		{00E913A4-5AAA-40A9-8982-C1500CF8C53E}.Debug|Any CPU.ActiveCfg = Debug|Any CPU
		{00E913A4-5AAA-40A9-8982-C1500CF8C53E}.Debug|Any CPU.Build.0 = Debug|Any CPU
		{00E913A4-5AAA-40A9-8982-C1500CF8C53E}.Release|Any CPU.ActiveCfg = Release|Any CPU
		{00E913A4-5AAA-40A9-8982-C1500CF8C53E}.Release|Any CPU.Build.0 = Release|Any CPU
		{60254C99-C0B4-405C-9211-2C9C433F73CB}.Debug|Any CPU.ActiveCfg = Debug|Any CPU
		{60254C99-C0B4-405C-9211-2C9C433F73CB}.Debug|Any CPU.Build.0 = Debug|Any CPU
		{60254C99-C0B4-405C-9211-2C9C433F73CB}.Release|Any CPU.ActiveCfg = Release|Any CPU
		{60254C99-C0B4-405C-9211-2C9C433F73CB}.Release|Any CPU.Build.0 = Release|Any CPU
		{4FC61AD6-BAF2-45B8-9522-81F3DD7B1E82}.Debug|Any CPU.ActiveCfg = Debug|Any CPU
		{4FC61AD6-BAF2-45B8-9522-81F3DD7B1E82}.Debug|Any CPU.Build.0 = Debug|Any CPU
		{4FC61AD6-BAF2-45B8-9522-81F3DD7B1E82}.Release|Any CPU.ActiveCfg = Release|Any CPU
		{4FC61AD6-BAF2-45B8-9522-81F3DD7B1E82}.Release|Any CPU.Build.0 = Release|Any CPU
		{5B11A9C3-6FFF-4BF8-8F9C-2783BBDD3F47}.Debug|Any CPU.ActiveCfg = Debug|Any CPU
		{5B11A9C3-6FFF-4BF8-8F9C-2783BBDD3F47}.Debug|Any CPU.Build.0 = Debug|Any CPU
		{5B11A9C3-6FFF-4BF8-8F9C-2783BBDD3F47}.Release|Any CPU.ActiveCfg = Release|Any CPU
		{5B11A9C3-6FFF-4BF8-8F9C-2783BBDD3F47}.Release|Any CPU.Build.0 = Release|Any CPU
		{732E80B5-7D4B-4FF8-B79F-D7F074EF557A}.Debug|Any CPU.ActiveCfg = Debug|Any CPU
		{732E80B5-7D4B-4FF8-B79F-D7F074EF557A}.Debug|Any CPU.Build.0 = Debug|Any CPU
		{732E80B5-7D4B-4FF8-B79F-D7F074EF557A}.Release|Any CPU.ActiveCfg = Release|Any CPU
		{732E80B5-7D4B-4FF8-B79F-D7F074EF557A}.Release|Any CPU.Build.0 = Release|Any CPU
		{78178DBD-27BB-4CE5-99E0-A9A894B60A97}.Debug|Any CPU.ActiveCfg = Debug|Any CPU
		{78178DBD-27BB-4CE5-99E0-A9A894B60A97}.Debug|Any CPU.Build.0 = Debug|Any CPU
		{78178DBD-27BB-4CE5-99E0-A9A894B60A97}.Release|Any CPU.ActiveCfg = Release|Any CPU
		{78178DBD-27BB-4CE5-99E0-A9A894B60A97}.Release|Any CPU.Build.0 = Release|Any CPU
		{86F49E5A-026C-4B57-B567-29DF27026F33}.Debug|Any CPU.ActiveCfg = Debug|Any CPU
		{86F49E5A-026C-4B57-B567-29DF27026F33}.Debug|Any CPU.Build.0 = Debug|Any CPU
		{86F49E5A-026C-4B57-B567-29DF27026F33}.Release|Any CPU.ActiveCfg = Release|Any CPU
		{86F49E5A-026C-4B57-B567-29DF27026F33}.Release|Any CPU.Build.0 = Release|Any CPU
		{77D88C10-5A25-431E-A651-C39F9804C0DE}.Debug|Any CPU.ActiveCfg = Debug|Any CPU
		{77D88C10-5A25-431E-A651-C39F9804C0DE}.Debug|Any CPU.Build.0 = Debug|Any CPU
		{77D88C10-5A25-431E-A651-C39F9804C0DE}.Release|Any CPU.ActiveCfg = Release|Any CPU
		{77D88C10-5A25-431E-A651-C39F9804C0DE}.Release|Any CPU.Build.0 = Release|Any CPU
		{7E29F8BF-B53E-44A3-BEB5-20905FB18D21}.Debug|Any CPU.ActiveCfg = Debug|Any CPU
		{7E29F8BF-B53E-44A3-BEB5-20905FB18D21}.Debug|Any CPU.Build.0 = Debug|Any CPU
		{7E29F8BF-B53E-44A3-BEB5-20905FB18D21}.Release|Any CPU.ActiveCfg = Release|Any CPU
		{7E29F8BF-B53E-44A3-BEB5-20905FB18D21}.Release|Any CPU.Build.0 = Release|Any CPU
		{F95941DC-AF6B-4003-9235-AC2267E28B48}.Debug|Any CPU.ActiveCfg = Debug|Any CPU
		{F95941DC-AF6B-4003-9235-AC2267E28B48}.Debug|Any CPU.Build.0 = Debug|Any CPU
		{F95941DC-AF6B-4003-9235-AC2267E28B48}.Release|Any CPU.ActiveCfg = Release|Any CPU
		{F95941DC-AF6B-4003-9235-AC2267E28B48}.Release|Any CPU.Build.0 = Release|Any CPU
		{4DF250EA-5B2D-4C3C-B971-572D49048B82}.Debug|Any CPU.ActiveCfg = Debug|Any CPU
		{4DF250EA-5B2D-4C3C-B971-572D49048B82}.Debug|Any CPU.Build.0 = Debug|Any CPU
		{4DF250EA-5B2D-4C3C-B971-572D49048B82}.Release|Any CPU.ActiveCfg = Release|Any CPU
		{4DF250EA-5B2D-4C3C-B971-572D49048B82}.Release|Any CPU.Build.0 = Release|Any CPU
		{F0E1C0FF-DE4C-4DAE-B12B-747949F41DEE}.Debug|Any CPU.ActiveCfg = Debug|Any CPU
		{F0E1C0FF-DE4C-4DAE-B12B-747949F41DEE}.Debug|Any CPU.Build.0 = Debug|Any CPU
		{F0E1C0FF-DE4C-4DAE-B12B-747949F41DEE}.Release|Any CPU.ActiveCfg = Release|Any CPU
		{F0E1C0FF-DE4C-4DAE-B12B-747949F41DEE}.Release|Any CPU.Build.0 = Release|Any CPU
		{2C0A13B4-7E47-4E25-BE4C-CA4255228D58}.Debug|Any CPU.ActiveCfg = Debug|Any CPU
		{2C0A13B4-7E47-4E25-BE4C-CA4255228D58}.Debug|Any CPU.Build.0 = Debug|Any CPU
		{2C0A13B4-7E47-4E25-BE4C-CA4255228D58}.Release|Any CPU.ActiveCfg = Release|Any CPU
		{2C0A13B4-7E47-4E25-BE4C-CA4255228D58}.Release|Any CPU.Build.0 = Release|Any CPU
		{41BD61FF-E216-405C-AA54-EE2A942CCE42}.Debug|Any CPU.ActiveCfg = Debug|Any CPU
		{41BD61FF-E216-405C-AA54-EE2A942CCE42}.Debug|Any CPU.Build.0 = Debug|Any CPU
		{41BD61FF-E216-405C-AA54-EE2A942CCE42}.Release|Any CPU.ActiveCfg = Release|Any CPU
		{41BD61FF-E216-405C-AA54-EE2A942CCE42}.Release|Any CPU.Build.0 = Release|Any CPU
		{343F6315-ADD9-4F23-A7FC-E220BCF3BFBD}.Debug|Any CPU.ActiveCfg = Debug|Any CPU
		{343F6315-ADD9-4F23-A7FC-E220BCF3BFBD}.Debug|Any CPU.Build.0 = Debug|Any CPU
		{343F6315-ADD9-4F23-A7FC-E220BCF3BFBD}.Release|Any CPU.ActiveCfg = Release|Any CPU
		{343F6315-ADD9-4F23-A7FC-E220BCF3BFBD}.Release|Any CPU.Build.0 = Release|Any CPU
	EndGlobalSection
	GlobalSection(SolutionProperties) = preSolution
		HideSolutionNode = FALSE
	EndGlobalSection
	GlobalSection(NestedProjects) = preSolution
		{5C317061-5BDE-41A6-B669-635D5B8F2A76} = {F0CC5365-DAC2-4256-8B8A-6CBBFD7508A4}
		{AFA58D08-13B4-49B4-A8E1-23DB5E6B3496} = {5C317061-5BDE-41A6-B669-635D5B8F2A76}
		{C4FC27E5-8987-4300-A583-79D46CE1BD13} = {5C317061-5BDE-41A6-B669-635D5B8F2A76}
		{8B772679-0AAE-4F97-B6A0-B2CD354ADE54} = {5C317061-5BDE-41A6-B669-635D5B8F2A76}
		{AC1209EB-CB2B-474F-8AC1-A6B942577A4E} = {F0CC5365-DAC2-4256-8B8A-6CBBFD7508A4}
		{C9B60A70-F899-49E4-8D62-1D2A3B9017A4} = {F0CC5365-DAC2-4256-8B8A-6CBBFD7508A4}
		{8BDD2AB6-E856-472D-96D5-3144A5CD00CF} = {C9B60A70-F899-49E4-8D62-1D2A3B9017A4}
		{B41DE84D-9EA1-41F9-8399-A5BE0A0BC3EF} = {C9B60A70-F899-49E4-8D62-1D2A3B9017A4}
		{DB6EB76B-3A56-46AB-82B4-77EA90FEDA36} = {F0CC5365-DAC2-4256-8B8A-6CBBFD7508A4}
		{6FF7AF5A-FA89-4CBE-9CA6-9AC25A9A80D6} = {F0CC5365-DAC2-4256-8B8A-6CBBFD7508A4}
		{CA0AF60C-7C51-421C-A115-F480A3C30786} = {5C317061-5BDE-41A6-B669-635D5B8F2A76}
		{2AF7970C-B145-4B25-9FB9-CC28FB2E5B47} = {DB6EB76B-3A56-46AB-82B4-77EA90FEDA36}
		{CC434C56-C28D-4993-9712-ABE5E471BAC6} = {4715B916-F1B0-4DE1-8A88-67B564153756}
		{DB305C7D-8F6C-4F94-B971-710B9DD2A16E} = {4715B916-F1B0-4DE1-8A88-67B564153756}
		{F41446E7-ACD1-4F0E-B7B0-A2B3BDFB97B5} = {4715B916-F1B0-4DE1-8A88-67B564153756}
		{746BE117-EF74-47C6-A40B-0047C2EF0CB3} = {CC434C56-C28D-4993-9712-ABE5E471BAC6}
		{D7167AEE-8B28-48EE-9728-58AC0916DABB} = {CC434C56-C28D-4993-9712-ABE5E471BAC6}
		{44C3E94A-FAB8-40DE-87D9-DB382F8BAD70} = {CC434C56-C28D-4993-9712-ABE5E471BAC6}
		{00E913A4-5AAA-40A9-8982-C1500CF8C53E} = {CC434C56-C28D-4993-9712-ABE5E471BAC6}
		{60254C99-C0B4-405C-9211-2C9C433F73CB} = {DB305C7D-8F6C-4F94-B971-710B9DD2A16E}
		{4FC61AD6-BAF2-45B8-9522-81F3DD7B1E82} = {F41446E7-ACD1-4F0E-B7B0-A2B3BDFB97B5}
		{5B11A9C3-6FFF-4BF8-8F9C-2783BBDD3F47} = {F41446E7-ACD1-4F0E-B7B0-A2B3BDFB97B5}
		{732E80B5-7D4B-4FF8-B79F-D7F074EF557A} = {4715B916-F1B0-4DE1-8A88-67B564153756}
		{78178DBD-27BB-4CE5-99E0-A9A894B60A97} = {4715B916-F1B0-4DE1-8A88-67B564153756}
		{714E5D0C-91D9-4272-B7C4-A04AB3AB1863} = {8243EAB1-70D5-4D1B-898D-34B3C3569DAB}
		{E8D17B4F-75EA-4886-B3A9-280D1542632E} = {8243EAB1-70D5-4D1B-898D-34B3C3569DAB}
		{458E1F8E-09C5-46C6-A619-CCE50CAF3C5A} = {8243EAB1-70D5-4D1B-898D-34B3C3569DAB}
		{86F49E5A-026C-4B57-B567-29DF27026F33} = {714E5D0C-91D9-4272-B7C4-A04AB3AB1863}
		{77D88C10-5A25-431E-A651-C39F9804C0DE} = {714E5D0C-91D9-4272-B7C4-A04AB3AB1863}
		{7E29F8BF-B53E-44A3-BEB5-20905FB18D21} = {714E5D0C-91D9-4272-B7C4-A04AB3AB1863}
		{F95941DC-AF6B-4003-9235-AC2267E28B48} = {714E5D0C-91D9-4272-B7C4-A04AB3AB1863}
		{4DF250EA-5B2D-4C3C-B971-572D49048B82} = {E8D17B4F-75EA-4886-B3A9-280D1542632E}
		{F0E1C0FF-DE4C-4DAE-B12B-747949F41DEE} = {458E1F8E-09C5-46C6-A619-CCE50CAF3C5A}
		{2C0A13B4-7E47-4E25-BE4C-CA4255228D58} = {458E1F8E-09C5-46C6-A619-CCE50CAF3C5A}
		{41BD61FF-E216-405C-AA54-EE2A942CCE42} = {8243EAB1-70D5-4D1B-898D-34B3C3569DAB}
		{343F6315-ADD9-4F23-A7FC-E220BCF3BFBD} = {8243EAB1-70D5-4D1B-898D-34B3C3569DAB}
	EndGlobalSection
	GlobalSection(ExtensibilityGlobals) = postSolution
		SolutionGuid = {439D0C2F-B8C7-451A-BCF2-1AA61C49610B}
	EndGlobalSection
EndGlobal
