
Microsoft Visual Studio Solution File, Format Version 12.00
# Visual Studio Version 17
VisualStudioVersion = 17.6.33829.357
MinimumVisualStudioVersion = 10.0.40219.1
Project("{2150E333-8FDC-42A3-9474-1A3956D46DE8}") = "PaymentCards", "PaymentCards", "{F0CC5365-DAC2-4256-8B8A-6CBBFD7508A4}"
EndProject
Project("{2150E333-8FDC-42A3-9474-1A3956D46DE8}") = "Core", "Core", "{5C317061-5BDE-41A6-B669-635D5B8F2A76}"
EndProject
Project("{9A19103F-16F7-4668-BE54-9A1E7A4F7556}") = "PaymentCards.ApplicationServices", "src\PaymentCards\PaymentCards.ApplicationServices\PaymentCards.ApplicationServices.csproj", "{AFA58D08-13B4-49B4-A8E1-23DB5E6B3496}"
EndProject
Project("{9A19103F-16F7-4668-BE54-9A1E7A4F7556}") = "PaymentCards.Domain", "src\PaymentCards\PaymentCards.Domain\PaymentCards.Domain.csproj", "{C4FC27E5-8987-4300-A583-79D46CE1BD13}"
EndProject
Project("{9A19103F-16F7-4668-BE54-9A1E7A4F7556}") = "PaymentCards.Infrastructure", "src\PaymentCards\PaymentCards.Infrastructure\PaymentCards.Infrastructure.csproj", "{8B772679-0AAE-4F97-B6A0-B2CD354ADE54}"
EndProject
Project("{9A19103F-16F7-4668-BE54-9A1E7A4F7556}") = "PaymentCards.Api.Service", "src\PaymentCards\PaymentCards.Api.Service\PaymentCards.Api.Service.csproj", "{AC1209EB-CB2B-474F-8AC1-A6B942577A4E}"
EndProject
Project("{2150E333-8FDC-42A3-9474-1A3956D46DE8}") = "Tests", "Tests", "{C9B60A70-F899-49E4-8D62-1D2A3B9017A4}"
EndProject
Project("{9A19103F-16F7-4668-BE54-9A1E7A4F7556}") = "PaymentCards.TestFixtures", "Tests\PaymentCards.TestFixtures\PaymentCards.TestFixtures.csproj", "{8BDD2AB6-E856-472D-96D5-3144A5CD00CF}"
	ProjectSection(ProjectDependencies) = postProject
		{C4FC27E5-8987-4300-A583-79D46CE1BD13} = {C4FC27E5-8987-4300-A583-79D46CE1BD13}
	EndProjectSection
EndProject
Project("{9A19103F-16F7-4668-BE54-9A1E7A4F7556}") = "PaymentCards.Tests", "Tests\PaymentCards.Tests\PaymentCards.Tests.csproj", "{B41DE84D-9EA1-41F9-8399-A5BE0A0BC3EF}"
	ProjectSection(ProjectDependencies) = postProject
		{6FF7AF5A-FA89-4CBE-9CA6-9AC25A9A80D6} = {6FF7AF5A-FA89-4CBE-9CA6-9AC25A9A80D6}
	EndProjectSection
EndProject
Project("{2150E333-8FDC-42A3-9474-1A3956D46DE8}") = "Shared", "Shared", "{DB6EB76B-3A56-46AB-82B4-77EA90FEDA36}"
EndProject
Project("{9A19103F-16F7-4668-BE54-9A1E7A4F7556}") = "PaymentCards.Worker.Service", "src\PaymentCards\PaymentCards.Worker.Service\PaymentCards.Worker.Service.csproj", "{6FF7AF5A-FA89-4CBE-9CA6-9AC25A9A80D6}"
EndProject
Project("{9A19103F-16F7-4668-BE54-9A1E7A4F7556}") = "PaymentCards.Messages", "src\PaymentCards\PaymentCards.Messages\PaymentCards.Messages.csproj", "{CA0AF60C-7C51-421C-A115-F480A3C30786}"
EndProject
Project("{9A19103F-16F7-4668-BE54-9A1E7A4F7556}") = "PaymentCards.Client", "src\PaymentCards\PaymentCards.Client\PaymentCards.Client.csproj", "{2AF7970C-B145-4B25-9FB9-CC28FB2E5B47}"
EndProject
Project("{2150E333-8FDC-42A3-9474-1A3956D46DE8}") = "Solution Item", "Solution Item", "{B40573D3-EB5C-4AAD-959F-9FF630641E6A}"
	ProjectSection(SolutionItems) = preProject
		Readme.md = Readme.md
	EndProjectSection
EndProject
Project("{2150E333-8FDC-42A3-9474-1A3956D46DE8}") = "Passwords", "Passwords", "{544AFA9B-3E92-4F59-B48B-6BE8F87E587E}"
EndProject
Project("{2150E333-8FDC-42A3-9474-1A3956D46DE8}") = "Core", "Core", "{F62086AF-6B7E-415F-8395-84D360CC7A5A}"
EndProject
Project("{2150E333-8FDC-42A3-9474-1A3956D46DE8}") = "Shared", "Shared", "{A673F62F-3B61-4D0B-AA87-BF0BD272DFD4}"
EndProject
Project("{2150E333-8FDC-42A3-9474-1A3956D46DE8}") = "Tests", "Tests", "{B313B82F-1C2A-4A7E-874E-D6A6B385F171}"
EndProject
Project("{9A19103F-16F7-4668-BE54-9A1E7A4F7556}") = "Password.Domain", "src\Password\Password.Domain\Password.Domain.csproj", "{06A89B09-BDBE-4A16-A81A-310F4F801130}"
EndProject
Project("{9A19103F-16F7-4668-BE54-9A1E7A4F7556}") = "Password.ApplicationServices", "src\Password\Password.ApplicationServices\Password.ApplicationServices.csproj", "{65D102FE-121B-44A1-917A-981F79C51620}"
EndProject
Project("{9A19103F-16F7-4668-BE54-9A1E7A4F7556}") = "Password.Infrastructure", "src\Password\Password.Infrastructure\Password.Infrastructure.csproj", "{557A01A1-9561-45FB-9DEB-2B1B6D4DCCD0}"
EndProject
Project("{9A19103F-16F7-4668-BE54-9A1E7A4F7556}") = "Password.Messages", "src\Password\Password.Messages\Password.Messages.csproj", "{E92A8D84-F2F1-4179-841A-3333260028FA}"
EndProject
Project("{9A19103F-16F7-4668-BE54-9A1E7A4F7556}") = "PasswordManager.Password.Client", "src\Password\PasswordManager.Password.Client\PasswordManager.Password.Client.csproj", "{F2B9F03E-9391-4044-A835-9BF2B09DEF62}"
EndProject
Project("{9A19103F-16F7-4668-BE54-9A1E7A4F7556}") = "Password.Tests", "Tests\Password.Tests\Password.Tests.csproj", "{598B54B5-9538-4542-BE6B-8A429DB75C4B}"
EndProject
Project("{9A19103F-16F7-4668-BE54-9A1E7A4F7556}") = "Password.TestFixtures", "Tests\Password.TestFixtures\Password.TestFixtures.csproj", "{77782E5A-ABAF-443A-863C-2E7CD4FFF098}"
EndProject
Project("{9A19103F-16F7-4668-BE54-9A1E7A4F7556}") = "Password.Api.Service", "src\Password\Password.Api.Service\Password.Api.Service.csproj", "{729AE905-7260-4B29-A26A-E04DB6A53462}"
EndProject
Project("{9A19103F-16F7-4668-BE54-9A1E7A4F7556}") = "Password.Worker.Service", "src\Password\Password.Worker.Service\Password.Worker.Service.csproj", "{77EAF9F2-6800-43FD-8630-AA4CBB492DEB}"
EndProject
Global
	GlobalSection(SolutionConfigurationPlatforms) = preSolution
		Debug|Any CPU = Debug|Any CPU
		Release|Any CPU = Release|Any CPU
	EndGlobalSection
	GlobalSection(ProjectConfigurationPlatforms) = postSolution
		{AFA58D08-13B4-49B4-A8E1-23DB5E6B3496}.Debug|Any CPU.ActiveCfg = Debug|Any CPU
		{AFA58D08-13B4-49B4-A8E1-23DB5E6B3496}.Debug|Any CPU.Build.0 = Debug|Any CPU
		{AFA58D08-13B4-49B4-A8E1-23DB5E6B3496}.Release|Any CPU.ActiveCfg = Release|Any CPU
		{AFA58D08-13B4-49B4-A8E1-23DB5E6B3496}.Release|Any CPU.Build.0 = Release|Any CPU
		{C4FC27E5-8987-4300-A583-79D46CE1BD13}.Debug|Any CPU.ActiveCfg = Debug|Any CPU
		{C4FC27E5-8987-4300-A583-79D46CE1BD13}.Debug|Any CPU.Build.0 = Debug|Any CPU
		{C4FC27E5-8987-4300-A583-79D46CE1BD13}.Release|Any CPU.ActiveCfg = Release|Any CPU
		{C4FC27E5-8987-4300-A583-79D46CE1BD13}.Release|Any CPU.Build.0 = Release|Any CPU
		{8B772679-0AAE-4F97-B6A0-B2CD354ADE54}.Debug|Any CPU.ActiveCfg = Debug|Any CPU
		{8B772679-0AAE-4F97-B6A0-B2CD354ADE54}.Debug|Any CPU.Build.0 = Debug|Any CPU
		{8B772679-0AAE-4F97-B6A0-B2CD354ADE54}.Release|Any CPU.ActiveCfg = Release|Any CPU
		{8B772679-0AAE-4F97-B6A0-B2CD354ADE54}.Release|Any CPU.Build.0 = Release|Any CPU
		{AC1209EB-CB2B-474F-8AC1-A6B942577A4E}.Debug|Any CPU.ActiveCfg = Debug|Any CPU
		{AC1209EB-CB2B-474F-8AC1-A6B942577A4E}.Debug|Any CPU.Build.0 = Debug|Any CPU
		{AC1209EB-CB2B-474F-8AC1-A6B942577A4E}.Release|Any CPU.ActiveCfg = Release|Any CPU
		{AC1209EB-CB2B-474F-8AC1-A6B942577A4E}.Release|Any CPU.Build.0 = Release|Any CPU
		{8BDD2AB6-E856-472D-96D5-3144A5CD00CF}.Debug|Any CPU.ActiveCfg = Debug|Any CPU
		{8BDD2AB6-E856-472D-96D5-3144A5CD00CF}.Debug|Any CPU.Build.0 = Debug|Any CPU
		{8BDD2AB6-E856-472D-96D5-3144A5CD00CF}.Release|Any CPU.ActiveCfg = Release|Any CPU
		{8BDD2AB6-E856-472D-96D5-3144A5CD00CF}.Release|Any CPU.Build.0 = Release|Any CPU
		{B41DE84D-9EA1-41F9-8399-A5BE0A0BC3EF}.Debug|Any CPU.ActiveCfg = Debug|Any CPU
		{B41DE84D-9EA1-41F9-8399-A5BE0A0BC3EF}.Debug|Any CPU.Build.0 = Debug|Any CPU
		{B41DE84D-9EA1-41F9-8399-A5BE0A0BC3EF}.Release|Any CPU.ActiveCfg = Release|Any CPU
		{B41DE84D-9EA1-41F9-8399-A5BE0A0BC3EF}.Release|Any CPU.Build.0 = Release|Any CPU
		{6FF7AF5A-FA89-4CBE-9CA6-9AC25A9A80D6}.Debug|Any CPU.ActiveCfg = Debug|Any CPU
		{6FF7AF5A-FA89-4CBE-9CA6-9AC25A9A80D6}.Debug|Any CPU.Build.0 = Debug|Any CPU
		{6FF7AF5A-FA89-4CBE-9CA6-9AC25A9A80D6}.Release|Any CPU.ActiveCfg = Release|Any CPU
		{6FF7AF5A-FA89-4CBE-9CA6-9AC25A9A80D6}.Release|Any CPU.Build.0 = Release|Any CPU
		{CA0AF60C-7C51-421C-A115-F480A3C30786}.Debug|Any CPU.ActiveCfg = Debug|Any CPU
		{CA0AF60C-7C51-421C-A115-F480A3C30786}.Debug|Any CPU.Build.0 = Debug|Any CPU
		{CA0AF60C-7C51-421C-A115-F480A3C30786}.Release|Any CPU.ActiveCfg = Release|Any CPU
		{CA0AF60C-7C51-421C-A115-F480A3C30786}.Release|Any CPU.Build.0 = Release|Any CPU
		{2AF7970C-B145-4B25-9FB9-CC28FB2E5B47}.Debug|Any CPU.ActiveCfg = Debug|Any CPU
		{2AF7970C-B145-4B25-9FB9-CC28FB2E5B47}.Debug|Any CPU.Build.0 = Debug|Any CPU
		{2AF7970C-B145-4B25-9FB9-CC28FB2E5B47}.Release|Any CPU.ActiveCfg = Release|Any CPU
		{2AF7970C-B145-4B25-9FB9-CC28FB2E5B47}.Release|Any CPU.Build.0 = Release|Any CPU
		{06A89B09-BDBE-4A16-A81A-310F4F801130}.Debug|Any CPU.ActiveCfg = Debug|Any CPU
		{06A89B09-BDBE-4A16-A81A-310F4F801130}.Debug|Any CPU.Build.0 = Debug|Any CPU
		{06A89B09-BDBE-4A16-A81A-310F4F801130}.Release|Any CPU.ActiveCfg = Release|Any CPU
		{06A89B09-BDBE-4A16-A81A-310F4F801130}.Release|Any CPU.Build.0 = Release|Any CPU
		{65D102FE-121B-44A1-917A-981F79C51620}.Debug|Any CPU.ActiveCfg = Debug|Any CPU
		{65D102FE-121B-44A1-917A-981F79C51620}.Debug|Any CPU.Build.0 = Debug|Any CPU
		{65D102FE-121B-44A1-917A-981F79C51620}.Release|Any CPU.ActiveCfg = Release|Any CPU
		{65D102FE-121B-44A1-917A-981F79C51620}.Release|Any CPU.Build.0 = Release|Any CPU
		{557A01A1-9561-45FB-9DEB-2B1B6D4DCCD0}.Debug|Any CPU.ActiveCfg = Debug|Any CPU
		{557A01A1-9561-45FB-9DEB-2B1B6D4DCCD0}.Debug|Any CPU.Build.0 = Debug|Any CPU
		{557A01A1-9561-45FB-9DEB-2B1B6D4DCCD0}.Release|Any CPU.ActiveCfg = Release|Any CPU
		{557A01A1-9561-45FB-9DEB-2B1B6D4DCCD0}.Release|Any CPU.Build.0 = Release|Any CPU
		{E92A8D84-F2F1-4179-841A-3333260028FA}.Debug|Any CPU.ActiveCfg = Debug|Any CPU
		{E92A8D84-F2F1-4179-841A-3333260028FA}.Debug|Any CPU.Build.0 = Debug|Any CPU
		{E92A8D84-F2F1-4179-841A-3333260028FA}.Release|Any CPU.ActiveCfg = Release|Any CPU
		{E92A8D84-F2F1-4179-841A-3333260028FA}.Release|Any CPU.Build.0 = Release|Any CPU
		{F2B9F03E-9391-4044-A835-9BF2B09DEF62}.Debug|Any CPU.ActiveCfg = Debug|Any CPU
		{F2B9F03E-9391-4044-A835-9BF2B09DEF62}.Debug|Any CPU.Build.0 = Debug|Any CPU
		{F2B9F03E-9391-4044-A835-9BF2B09DEF62}.Release|Any CPU.ActiveCfg = Release|Any CPU
		{F2B9F03E-9391-4044-A835-9BF2B09DEF62}.Release|Any CPU.Build.0 = Release|Any CPU
		{598B54B5-9538-4542-BE6B-8A429DB75C4B}.Debug|Any CPU.ActiveCfg = Debug|Any CPU
		{598B54B5-9538-4542-BE6B-8A429DB75C4B}.Debug|Any CPU.Build.0 = Debug|Any CPU
		{598B54B5-9538-4542-BE6B-8A429DB75C4B}.Release|Any CPU.ActiveCfg = Release|Any CPU
		{598B54B5-9538-4542-BE6B-8A429DB75C4B}.Release|Any CPU.Build.0 = Release|Any CPU
		{77782E5A-ABAF-443A-863C-2E7CD4FFF098}.Debug|Any CPU.ActiveCfg = Debug|Any CPU
		{77782E5A-ABAF-443A-863C-2E7CD4FFF098}.Debug|Any CPU.Build.0 = Debug|Any CPU
		{77782E5A-ABAF-443A-863C-2E7CD4FFF098}.Release|Any CPU.ActiveCfg = Release|Any CPU
		{77782E5A-ABAF-443A-863C-2E7CD4FFF098}.Release|Any CPU.Build.0 = Release|Any CPU
		{729AE905-7260-4B29-A26A-E04DB6A53462}.Debug|Any CPU.ActiveCfg = Debug|Any CPU
		{729AE905-7260-4B29-A26A-E04DB6A53462}.Debug|Any CPU.Build.0 = Debug|Any CPU
		{729AE905-7260-4B29-A26A-E04DB6A53462}.Release|Any CPU.ActiveCfg = Release|Any CPU
		{729AE905-7260-4B29-A26A-E04DB6A53462}.Release|Any CPU.Build.0 = Release|Any CPU
		{77EAF9F2-6800-43FD-8630-AA4CBB492DEB}.Debug|Any CPU.ActiveCfg = Debug|Any CPU
		{77EAF9F2-6800-43FD-8630-AA4CBB492DEB}.Debug|Any CPU.Build.0 = Debug|Any CPU
		{77EAF9F2-6800-43FD-8630-AA4CBB492DEB}.Release|Any CPU.ActiveCfg = Release|Any CPU
		{77EAF9F2-6800-43FD-8630-AA4CBB492DEB}.Release|Any CPU.Build.0 = Release|Any CPU
	EndGlobalSection
	GlobalSection(SolutionProperties) = preSolution
		HideSolutionNode = FALSE
	EndGlobalSection
	GlobalSection(NestedProjects) = preSolution
		{5C317061-5BDE-41A6-B669-635D5B8F2A76} = {F0CC5365-DAC2-4256-8B8A-6CBBFD7508A4}
		{AFA58D08-13B4-49B4-A8E1-23DB5E6B3496} = {5C317061-5BDE-41A6-B669-635D5B8F2A76}
		{C4FC27E5-8987-4300-A583-79D46CE1BD13} = {5C317061-5BDE-41A6-B669-635D5B8F2A76}
		{8B772679-0AAE-4F97-B6A0-B2CD354ADE54} = {5C317061-5BDE-41A6-B669-635D5B8F2A76}
		{AC1209EB-CB2B-474F-8AC1-A6B942577A4E} = {F0CC5365-DAC2-4256-8B8A-6CBBFD7508A4}
		{C9B60A70-F899-49E4-8D62-1D2A3B9017A4} = {F0CC5365-DAC2-4256-8B8A-6CBBFD7508A4}
		{8BDD2AB6-E856-472D-96D5-3144A5CD00CF} = {C9B60A70-F899-49E4-8D62-1D2A3B9017A4}
		{B41DE84D-9EA1-41F9-8399-A5BE0A0BC3EF} = {C9B60A70-F899-49E4-8D62-1D2A3B9017A4}
		{DB6EB76B-3A56-46AB-82B4-77EA90FEDA36} = {F0CC5365-DAC2-4256-8B8A-6CBBFD7508A4}
		{6FF7AF5A-FA89-4CBE-9CA6-9AC25A9A80D6} = {F0CC5365-DAC2-4256-8B8A-6CBBFD7508A4}
		{CA0AF60C-7C51-421C-A115-F480A3C30786} = {5C317061-5BDE-41A6-B669-635D5B8F2A76}
		{2AF7970C-B145-4B25-9FB9-CC28FB2E5B47} = {DB6EB76B-3A56-46AB-82B4-77EA90FEDA36}
		{F62086AF-6B7E-415F-8395-84D360CC7A5A} = {544AFA9B-3E92-4F59-B48B-6BE8F87E587E}
		{A673F62F-3B61-4D0B-AA87-BF0BD272DFD4} = {544AFA9B-3E92-4F59-B48B-6BE8F87E587E}
		{B313B82F-1C2A-4A7E-874E-D6A6B385F171} = {544AFA9B-3E92-4F59-B48B-6BE8F87E587E}
		{06A89B09-BDBE-4A16-A81A-310F4F801130} = {F62086AF-6B7E-415F-8395-84D360CC7A5A}
		{65D102FE-121B-44A1-917A-981F79C51620} = {F62086AF-6B7E-415F-8395-84D360CC7A5A}
		{557A01A1-9561-45FB-9DEB-2B1B6D4DCCD0} = {F62086AF-6B7E-415F-8395-84D360CC7A5A}
		{E92A8D84-F2F1-4179-841A-3333260028FA} = {F62086AF-6B7E-415F-8395-84D360CC7A5A}
		{F2B9F03E-9391-4044-A835-9BF2B09DEF62} = {A673F62F-3B61-4D0B-AA87-BF0BD272DFD4}
		{598B54B5-9538-4542-BE6B-8A429DB75C4B} = {B313B82F-1C2A-4A7E-874E-D6A6B385F171}
		{77782E5A-ABAF-443A-863C-2E7CD4FFF098} = {B313B82F-1C2A-4A7E-874E-D6A6B385F171}
		{729AE905-7260-4B29-A26A-E04DB6A53462} = {544AFA9B-3E92-4F59-B48B-6BE8F87E587E}
		{77EAF9F2-6800-43FD-8630-AA4CBB492DEB} = {544AFA9B-3E92-4F59-B48B-6BE8F87E587E}
	EndGlobalSection
	GlobalSection(ExtensibilityGlobals) = postSolution
		SolutionGuid = {439D0C2F-B8C7-451A-BCF2-1AA61C49610B}
	EndGlobalSection
EndGlobal
